
Microsoft Visual Studio Solution File, Format Version 12.00
# Visual Studio Version 16
VisualStudioVersion = 16.0.31005.135
MinimumVisualStudioVersion = 10.0.40219.1
Project("{F184B08F-C81C-45F6-A57F-5ABD9991F28F}") = "OfficePlace", "OfficePlace\OfficePlace.vbproj", "{CFFE448B-0776-4D24-A6DD-9F6D459624C8}"
EndProject
Global
	GlobalSection(SolutionConfigurationPlatforms) = preSolution
		Debug|Any CPU = Debug|Any CPU
		Release|Any CPU = Release|Any CPU
	EndGlobalSection
	GlobalSection(ProjectConfigurationPlatforms) = postSolution
		{CFFE448B-0776-4D24-A6DD-9F6D459624C8}.Debug|Any CPU.ActiveCfg = Debug|Any CPU
		{CFFE448B-0776-4D24-A6DD-9F6D459624C8}.Debug|Any CPU.Build.0 = Debug|Any CPU
		{CFFE448B-0776-4D24-A6DD-9F6D459624C8}.Release|Any CPU.ActiveCfg = Release|Any CPU
		{CFFE448B-0776-4D24-A6DD-9F6D459624C8}.Release|Any CPU.Build.0 = Release|Any CPU
	EndGlobalSection
	GlobalSection(SolutionProperties) = preSolution
		HideSolutionNode = FALSE
	EndGlobalSection
	GlobalSection(ExtensibilityGlobals) = postSolution
		SolutionGuid = {4C17F15E-DF5E-485C-A699-B3FD1B26098F}
	EndGlobalSection
EndGlobal
